
Microsoft Visual Studio Solution File, Format Version 12.00
# Visual Studio 14
VisualStudioVersion = 14.0.25420.1
MinimumVisualStudioVersion = 10.0.40219.1
Project("{FAE04EC0-301F-11D3-BF4B-00C04F79EFBC}") = "Oefleerkracht_Roels", "Oefleerkracht_Roels\Oefleerkracht_Roels.csproj", "{61B973FD-1A4C-4CD1-9587-F4DCA546046E}"
EndProject
Global
	GlobalSection(SolutionConfigurationPlatforms) = preSolution
		Debug|Any CPU = Debug|Any CPU
		Release|Any CPU = Release|Any CPU
	EndGlobalSection
	GlobalSection(ProjectConfigurationPlatforms) = postSolution
		{61B973FD-1A4C-4CD1-9587-F4DCA546046E}.Debug|Any CPU.ActiveCfg = Debug|Any CPU
		{61B973FD-1A4C-4CD1-9587-F4DCA546046E}.Debug|Any CPU.Build.0 = Debug|Any CPU
		{61B973FD-1A4C-4CD1-9587-F4DCA546046E}.Release|Any CPU.ActiveCfg = Release|Any CPU
		{61B973FD-1A4C-4CD1-9587-F4DCA546046E}.Release|Any CPU.Build.0 = Release|Any CPU
	EndGlobalSection
	GlobalSection(SolutionProperties) = preSolution
		HideSolutionNode = FALSE
	EndGlobalSection
EndGlobal
